
Microsoft Visual Studio Solution File, Format Version 12.00
# Visual Studio Version 16
VisualStudioVersion = 16.0.31515.178
MinimumVisualStudioVersion = 10.0.40219.1
Project("{888888A0-9F3D-457C-B088-3A5042F75D52}") = "Course project 2", "Course project 2.pyproj", "{BCF4270F-BD89-4394-BF70-F75E76518B53}"
EndProject
Global
	GlobalSection(SolutionConfigurationPlatforms) = preSolution
		Debug|Any CPU = Debug|Any CPU
		Release|Any CPU = Release|Any CPU
	EndGlobalSection
	GlobalSection(ProjectConfigurationPlatforms) = postSolution
		{BCF4270F-BD89-4394-BF70-F75E76518B53}.Debug|Any CPU.ActiveCfg = Debug|Any CPU
		{BCF4270F-BD89-4394-BF70-F75E76518B53}.Release|Any CPU.ActiveCfg = Release|Any CPU
	EndGlobalSection
	GlobalSection(SolutionProperties) = preSolution
		HideSolutionNode = FALSE
	EndGlobalSection
	GlobalSection(ExtensibilityGlobals) = postSolution
		SolutionGuid = {E2A26106-13F5-4A9E-BD2D-52C514B0052E}
	EndGlobalSection
EndGlobal
